
Microsoft Visual Studio Solution File, Format Version 12.00
# Visual Studio Version 16
VisualStudioVersion = 16.0.30320.27
MinimumVisualStudioVersion = 10.0.40219.1
Project("{FAE04EC0-301F-11D3-BF4B-00C04F79EFBC}") = "CreateAngularAdminScreen", "CreateAngularAdminScreen\CreateAngularAdminScreen.csproj", "{ABA7DC37-F547-4AE6-97EE-4E492A84BC0A}"
EndProject
Project("{FAE04EC0-301F-11D3-BF4B-00C04F79EFBC}") = "TextTemplating", "ClassLibrary1\TextTemplating.csproj", "{D3279EBB-5DBA-4707-B1E5-E02410D0141F}"
EndProject
Project("{FAE04EC0-301F-11D3-BF4B-00C04F79EFBC}") = "Utilities", "Utilities\Utilities.csproj", "{5CB9DA94-6740-4B8D-87B7-FA4C926525D4}"
EndProject
Global
	GlobalSection(SolutionConfigurationPlatforms) = preSolution
		Debug|Any CPU = Debug|Any CPU
		Release|Any CPU = Release|Any CPU
	EndGlobalSection
	GlobalSection(ProjectConfigurationPlatforms) = postSolution
		{ABA7DC37-F547-4AE6-97EE-4E492A84BC0A}.Debug|Any CPU.ActiveCfg = Debug|Any CPU
		{ABA7DC37-F547-4AE6-97EE-4E492A84BC0A}.Debug|Any CPU.Build.0 = Debug|Any CPU
		{ABA7DC37-F547-4AE6-97EE-4E492A84BC0A}.Release|Any CPU.ActiveCfg = Release|Any CPU
		{ABA7DC37-F547-4AE6-97EE-4E492A84BC0A}.Release|Any CPU.Build.0 = Release|Any CPU
		{D3279EBB-5DBA-4707-B1E5-E02410D0141F}.Debug|Any CPU.ActiveCfg = Debug|Any CPU
		{D3279EBB-5DBA-4707-B1E5-E02410D0141F}.Debug|Any CPU.Build.0 = Debug|Any CPU
		{D3279EBB-5DBA-4707-B1E5-E02410D0141F}.Release|Any CPU.ActiveCfg = Release|Any CPU
		{D3279EBB-5DBA-4707-B1E5-E02410D0141F}.Release|Any CPU.Build.0 = Release|Any CPU
		{5CB9DA94-6740-4B8D-87B7-FA4C926525D4}.Debug|Any CPU.ActiveCfg = Debug|Any CPU
		{5CB9DA94-6740-4B8D-87B7-FA4C926525D4}.Debug|Any CPU.Build.0 = Debug|Any CPU
		{5CB9DA94-6740-4B8D-87B7-FA4C926525D4}.Release|Any CPU.ActiveCfg = Release|Any CPU
		{5CB9DA94-6740-4B8D-87B7-FA4C926525D4}.Release|Any CPU.Build.0 = Release|Any CPU
	EndGlobalSection
	GlobalSection(SolutionProperties) = preSolution
		HideSolutionNode = FALSE
	EndGlobalSection
	GlobalSection(ExtensibilityGlobals) = postSolution
		SolutionGuid = {1D275779-4F96-482A-BCF1-80B1D5BDFF01}
	EndGlobalSection
EndGlobal
